
Microsoft Visual Studio Solution File, Format Version 12.00
# Visual Studio Version 16
VisualStudioVersion = 16.0.30503.244
MinimumVisualStudioVersion = 10.0.40219.1
Project("{FAE04EC0-301F-11D3-BF4B-00C04F79EFBC}") = "Altered", "Altered\Altered.csproj", "{2DB8FFB2-00D0-4169-A727-4B7C0F198B87}"
EndProject
Project("{54435603-DBB4-11D2-8724-00A0C9A8B90C}") = "Setup", "Setup\Setup.vdproj", "{353EB657-037A-4AF3-9BCB-65BC9AB42CDE}"
EndProject
Global
	GlobalSection(SolutionConfigurationPlatforms) = preSolution
		Debug|Any CPU = Debug|Any CPU
		Release|Any CPU = Release|Any CPU
	EndGlobalSection
	GlobalSection(ProjectConfigurationPlatforms) = postSolution
		{2DB8FFB2-00D0-4169-A727-4B7C0F198B87}.Debug|Any CPU.ActiveCfg = Debug|Any CPU
		{2DB8FFB2-00D0-4169-A727-4B7C0F198B87}.Debug|Any CPU.Build.0 = Debug|Any CPU
		{2DB8FFB2-00D0-4169-A727-4B7C0F198B87}.Release|Any CPU.ActiveCfg = Release|Any CPU
		{2DB8FFB2-00D0-4169-A727-4B7C0F198B87}.Release|Any CPU.Build.0 = Release|Any CPU
		{353EB657-037A-4AF3-9BCB-65BC9AB42CDE}.Debug|Any CPU.ActiveCfg = Debug
		{353EB657-037A-4AF3-9BCB-65BC9AB42CDE}.Release|Any CPU.ActiveCfg = Release
	EndGlobalSection
	GlobalSection(SolutionProperties) = preSolution
		HideSolutionNode = FALSE
	EndGlobalSection
	GlobalSection(ExtensibilityGlobals) = postSolution
		SolutionGuid = {84A10877-5AA3-4A26-AE1A-6A7670859747}
	EndGlobalSection
EndGlobal
